
Microsoft Visual Studio Solution File, Format Version 12.00
# Visual Studio 15
VisualStudioVersion = 15.0.28010.2019
MinimumVisualStudioVersion = 10.0.40219.1
Project("{FAE04EC0-301F-11D3-BF4B-00C04F79EFBC}") = "TreasurerHelper", "TreasurerHelper\TreasurerHelper.csproj", "{ED72D232-9E98-4C01-86EA-5761DE982938}"
EndProject
Project("{FAE04EC0-301F-11D3-BF4B-00C04F79EFBC}") = "CashCalculator", "CashCalculator\CashCalculator.csproj", "{E3E6BEED-74CB-495A-B2AF-5B5784493620}"
EndProject
Project("{FAE04EC0-301F-11D3-BF4B-00C04F79EFBC}") = "Home", "Home\Home.csproj", "{625A069C-92DF-4D96-BF9A-0ABF20DA3670}"
EndProject
Global
	GlobalSection(SolutionConfigurationPlatforms) = preSolution
		Debug|Any CPU = Debug|Any CPU
		Release|Any CPU = Release|Any CPU
	EndGlobalSection
	GlobalSection(ProjectConfigurationPlatforms) = postSolution
		{ED72D232-9E98-4C01-86EA-5761DE982938}.Debug|Any CPU.ActiveCfg = Debug|Any CPU
		{ED72D232-9E98-4C01-86EA-5761DE982938}.Debug|Any CPU.Build.0 = Debug|Any CPU
		{ED72D232-9E98-4C01-86EA-5761DE982938}.Release|Any CPU.ActiveCfg = Release|Any CPU
		{ED72D232-9E98-4C01-86EA-5761DE982938}.Release|Any CPU.Build.0 = Release|Any CPU
		{E3E6BEED-74CB-495A-B2AF-5B5784493620}.Debug|Any CPU.ActiveCfg = Debug|Any CPU
		{E3E6BEED-74CB-495A-B2AF-5B5784493620}.Debug|Any CPU.Build.0 = Debug|Any CPU
		{E3E6BEED-74CB-495A-B2AF-5B5784493620}.Release|Any CPU.ActiveCfg = Release|Any CPU
		{E3E6BEED-74CB-495A-B2AF-5B5784493620}.Release|Any CPU.Build.0 = Release|Any CPU
		{625A069C-92DF-4D96-BF9A-0ABF20DA3670}.Debug|Any CPU.ActiveCfg = Debug|Any CPU
		{625A069C-92DF-4D96-BF9A-0ABF20DA3670}.Debug|Any CPU.Build.0 = Debug|Any CPU
		{625A069C-92DF-4D96-BF9A-0ABF20DA3670}.Release|Any CPU.ActiveCfg = Release|Any CPU
		{625A069C-92DF-4D96-BF9A-0ABF20DA3670}.Release|Any CPU.Build.0 = Release|Any CPU
	EndGlobalSection
	GlobalSection(SolutionProperties) = preSolution
		HideSolutionNode = FALSE
	EndGlobalSection
	GlobalSection(ExtensibilityGlobals) = postSolution
		SolutionGuid = {F2E9A482-7E79-4938-99E3-7823F1D47ED7}
	EndGlobalSection
EndGlobal
